// !$*UTF8*$!
{
	archiveVersion = 1;
	classes = {
	};
	objectVersion = 46;
	objects = {

/* Begin PBXBuildFile section */
		B005C457166C543C00BCA796 /* UserLogin.m in Sources */ = {isa = PBXBuildFile; fileRef = B005C456166C543C00BCA796 /* UserLogin.m */; };
		B005EE4F166F0494009A81EB /* KeychainItemWrapper.m in Sources */ = {isa = PBXBuildFile; fileRef = B005EE4E166F0494009A81EB /* KeychainItemWrapper.m */; };
		B0CC174B166704D500BC2CDA /* FrontViewController.xib in Resources */ = {isa = PBXBuildFile; fileRef = B0CC174A166704D500BC2CDA /* FrontViewController.xib */; };
		B0CC17971667307B00BC2CDA /* LoginViewController.m in Sources */ = {isa = PBXBuildFile; fileRef = B0CC17951667307B00BC2CDA /* LoginViewController.m */; };
		B0CC17981667307B00BC2CDA /* LoginViewController.xib in Resources */ = {isa = PBXBuildFile; fileRef = B0CC17961667307B00BC2CDA /* LoginViewController.xib */; };
		B0D81FDB1665C7EE007E7AB5 /* UIKit.framework in Frameworks */ = {isa = PBXBuildFile; fileRef = B0D81FDA1665C7EE007E7AB5 /* UIKit.framework */; };
		B0D81FDD1665C7EE007E7AB5 /* Foundation.framework in Frameworks */ = {isa = PBXBuildFile; fileRef = B0D81FDC1665C7EE007E7AB5 /* Foundation.framework */; };
		B0D81FDF1665C7EE007E7AB5 /* CoreGraphics.framework in Frameworks */ = {isa = PBXBuildFile; fileRef = B0D81FDE1665C7EE007E7AB5 /* CoreGraphics.framework */; };
		B0D81FE51665C7EE007E7AB5 /* InfoPlist.strings in Resources */ = {isa = PBXBuildFile; fileRef = B0D81FE31665C7EE007E7AB5 /* InfoPlist.strings */; };
		B0D81FE71665C7EE007E7AB5 /* main.m in Sources */ = {isa = PBXBuildFile; fileRef = B0D81FE61665C7EE007E7AB5 /* main.m */; };
		B0D81FEB1665C7EE007E7AB5 /* AppDelegate.m in Sources */ = {isa = PBXBuildFile; fileRef = B0D81FEA1665C7EE007E7AB5 /* AppDelegate.m */; };
		B0D81FF41665C8C4007E7AB5 /* RevealViewController.m in Sources */ = {isa = PBXBuildFile; fileRef = B0D81FF21665C8C4007E7AB5 /* RevealViewController.m */; };
		B0D81FF51665C8C4007E7AB5 /* RevealViewController.xib in Resources */ = {isa = PBXBuildFile; fileRef = B0D81FF31665C8C4007E7AB5 /* RevealViewController.xib */; };
		B0D81FF91665D0F4007E7AB5 /* FrontViewController.m in Sources */ = {isa = PBXBuildFile; fileRef = B0D81FF71665D0F4007E7AB5 /* FrontViewController.m */; };
		B0D81FFE1665D429007E7AB5 /* ZUUIRevealController.m in Sources */ = {isa = PBXBuildFile; fileRef = B0D81FFD1665D429007E7AB5 /* ZUUIRevealController.m */; };
		B0D820071665D4F6007E7AB5 /* RevealController.m in Sources */ = {isa = PBXBuildFile; fileRef = B0D820061665D4F6007E7AB5 /* RevealController.m */; };
		B0DE657716685C9C00166656 /* login.html in Resources */ = {isa = PBXBuildFile; fileRef = B0DE657616685C9C00166656 /* login.html */; };
		B0DE65B0166894FC00166656 /* NSData+Base64.m in Sources */ = {isa = PBXBuildFile; fileRef = B0DE659F166894FC00166656 /* NSData+Base64.m */; };
		B0DE65B1166894FC00166656 /* NSDate+RFC1123.m in Sources */ = {isa = PBXBuildFile; fileRef = B0DE65A1166894FC00166656 /* NSDate+RFC1123.m */; };
		B0DE65B2166894FC00166656 /* NSDictionary+RequestEncoding.m in Sources */ = {isa = PBXBuildFile; fileRef = B0DE65A3166894FC00166656 /* NSDictionary+RequestEncoding.m */; };
		B0DE65B3166894FC00166656 /* NSString+MKNetworkKitAdditions.m in Sources */ = {isa = PBXBuildFile; fileRef = B0DE65A5166894FC00166656 /* NSString+MKNetworkKitAdditions.m */; };
		B0DE65B4166894FC00166656 /* UIAlertView+MKNetworkKitAdditions.m in Sources */ = {isa = PBXBuildFile; fileRef = B0DE65A7166894FC00166656 /* UIAlertView+MKNetworkKitAdditions.m */; };
		B0DE65B5166894FC00166656 /* MKNetworkEngine.m in Sources */ = {isa = PBXBuildFile; fileRef = B0DE65A9166894FC00166656 /* MKNetworkEngine.m */; };
		B0DE65B6166894FC00166656 /* MKNetworkOperation.m in Sources */ = {isa = PBXBuildFile; fileRef = B0DE65AC166894FC00166656 /* MKNetworkOperation.m */; };
		B0DE65B7166894FC00166656 /* Reachability.m in Sources */ = {isa = PBXBuildFile; fileRef = B0DE65AF166894FC00166656 /* Reachability.m */; };
		B0DE65BA1668971800166656 /* CFNetwork.framework in Frameworks */ = {isa = PBXBuildFile; fileRef = B0DE65B91668971800166656 /* CFNetwork.framework */; };
		B0DE65BC1668973800166656 /* SystemConfiguration.framework in Frameworks */ = {isa = PBXBuildFile; fileRef = B0DE65BB1668973800166656 /* SystemConfiguration.framework */; };
		B0DE65BE1668974400166656 /* Security.framework in Frameworks */ = {isa = PBXBuildFile; fileRef = B0DE65BD1668974400166656 /* Security.framework */; };
		B0DE65C11668A1D400166656 /* YahooEngine.m in Sources */ = {isa = PBXBuildFile; fileRef = B0DE65C01668A1D400166656 /* YahooEngine.m */; };
/* End PBXBuildFile section */

/* Begin PBXFileReference section */
		B005C455166C543C00BCA796 /* UserLogin.h */ = {isa = PBXFileReference; fileEncoding = 4; lastKnownFileType = sourcecode.c.h; name = UserLogin.h; path = ../UserLogin.h; sourceTree = "<group>"; };
		B005C456166C543C00BCA796 /* UserLogin.m */ = {isa = PBXFileReference; fileEncoding = 4; lastKnownFileType = sourcecode.c.objc; name = UserLogin.m; path = ../UserLogin.m; sourceTree = "<group>"; };
		B005EE4D166F0494009A81EB /* KeychainItemWrapper.h */ = {isa = PBXFileReference; fileEncoding = 4; lastKnownFileType = sourcecode.c.h; path = KeychainItemWrapper.h; sourceTree = "<group>"; };
		B005EE4E166F0494009A81EB /* KeychainItemWrapper.m */ = {isa = PBXFileReference; fileEncoding = 4; lastKnownFileType = sourcecode.c.objc; path = KeychainItemWrapper.m; sourceTree = "<group>"; };
		B0CC174A166704D500BC2CDA /* FrontViewController.xib */ = {isa = PBXFileReference; fileEncoding = 4; lastKnownFileType = file.xib; path = FrontViewController.xib; sourceTree = "<group>"; };
		B0CC17941667307B00BC2CDA /* LoginViewController.h */ = {isa = PBXFileReference; fileEncoding = 4; lastKnownFileType = sourcecode.c.h; path = LoginViewController.h; sourceTree = "<group>"; };
		B0CC17951667307B00BC2CDA /* LoginViewController.m */ = {isa = PBXFileReference; fileEncoding = 4; lastKnownFileType = sourcecode.c.objc; path = LoginViewController.m; sourceTree = "<group>"; };
		B0CC17961667307B00BC2CDA /* LoginViewController.xib */ = {isa = PBXFileReference; fileEncoding = 4; lastKnownFileType = file.xib; path = LoginViewController.xib; sourceTree = "<group>"; };
		B0D81FD61665C7EE007E7AB5 /* RevealTest.app */ = {isa = PBXFileReference; explicitFileType = wrapper.application; includeInIndex = 0; path = RevealTest.app; sourceTree = BUILT_PRODUCTS_DIR; };
		B0D81FDA1665C7EE007E7AB5 /* UIKit.framework */ = {isa = PBXFileReference; lastKnownFileType = wrapper.framework; name = UIKit.framework; path = System/Library/Frameworks/UIKit.framework; sourceTree = SDKROOT; };
		B0D81FDC1665C7EE007E7AB5 /* Foundation.framework */ = {isa = PBXFileReference; lastKnownFileType = wrapper.framework; name = Foundation.framework; path = System/Library/Frameworks/Foundation.framework; sourceTree = SDKROOT; };
		B0D81FDE1665C7EE007E7AB5 /* CoreGraphics.framework */ = {isa = PBXFileReference; lastKnownFileType = wrapper.framework; name = CoreGraphics.framework; path = System/Library/Frameworks/CoreGraphics.framework; sourceTree = SDKROOT; };
		B0D81FE21665C7EE007E7AB5 /* RevealTest-Info.plist */ = {isa = PBXFileReference; lastKnownFileType = text.plist.xml; path = "RevealTest-Info.plist"; sourceTree = "<group>"; };
		B0D81FE41665C7EE007E7AB5 /* en */ = {isa = PBXFileReference; lastKnownFileType = text.plist.strings; name = en; path = en.lproj/InfoPlist.strings; sourceTree = "<group>"; };
		B0D81FE61665C7EE007E7AB5 /* main.m */ = {isa = PBXFileReference; lastKnownFileType = sourcecode.c.objc; path = main.m; sourceTree = "<group>"; };
		B0D81FE81665C7EE007E7AB5 /* RevealTest-Prefix.pch */ = {isa = PBXFileReference; lastKnownFileType = sourcecode.c.h; path = "RevealTest-Prefix.pch"; sourceTree = "<group>"; };
		B0D81FE91665C7EE007E7AB5 /* AppDelegate.h */ = {isa = PBXFileReference; lastKnownFileType = sourcecode.c.h; path = AppDelegate.h; sourceTree = "<group>"; };
		B0D81FEA1665C7EE007E7AB5 /* AppDelegate.m */ = {isa = PBXFileReference; lastKnownFileType = sourcecode.c.objc; path = AppDelegate.m; sourceTree = "<group>"; };
		B0D81FF11665C8C4007E7AB5 /* RevealViewController.h */ = {isa = PBXFileReference; fileEncoding = 4; lastKnownFileType = sourcecode.c.h; path = RevealViewController.h; sourceTree = "<group>"; };
		B0D81FF21665C8C4007E7AB5 /* RevealViewController.m */ = {isa = PBXFileReference; fileEncoding = 4; lastKnownFileType = sourcecode.c.objc; path = RevealViewController.m; sourceTree = "<group>"; };
		B0D81FF31665C8C4007E7AB5 /* RevealViewController.xib */ = {isa = PBXFileReference; fileEncoding = 4; lastKnownFileType = file.xib; path = RevealViewController.xib; sourceTree = "<group>"; };
		B0D81FF61665D0F4007E7AB5 /* FrontViewController.h */ = {isa = PBXFileReference; fileEncoding = 4; lastKnownFileType = sourcecode.c.h; path = FrontViewController.h; sourceTree = "<group>"; };
		B0D81FF71665D0F4007E7AB5 /* FrontViewController.m */ = {isa = PBXFileReference; fileEncoding = 4; lastKnownFileType = sourcecode.c.objc; path = FrontViewController.m; sourceTree = "<group>"; };
		B0D81FFC1665D429007E7AB5 /* ZUUIRevealController.h */ = {isa = PBXFileReference; fileEncoding = 4; lastKnownFileType = sourcecode.c.h; path = ZUUIRevealController.h; sourceTree = "<group>"; };
		B0D81FFD1665D429007E7AB5 /* ZUUIRevealController.m */ = {isa = PBXFileReference; fileEncoding = 4; lastKnownFileType = sourcecode.c.objc; path = ZUUIRevealController.m; sourceTree = "<group>"; };
		B0D820051665D4F6007E7AB5 /* RevealController.h */ = {isa = PBXFileReference; fileEncoding = 4; lastKnownFileType = sourcecode.c.h; path = RevealController.h; sourceTree = "<group>"; };
		B0D820061665D4F6007E7AB5 /* RevealController.m */ = {isa = PBXFileReference; fileEncoding = 4; lastKnownFileType = sourcecode.c.objc; path = RevealController.m; sourceTree = "<group>"; };
		B0DE657616685C9C00166656 /* login.html */ = {isa = PBXFileReference; fileEncoding = 4; lastKnownFileType = text.html; name = login.html; path = RevealTest/login.html; sourceTree = "<group>"; };
		B0DE659E166894FC00166656 /* NSData+Base64.h */ = {isa = PBXFileReference; fileEncoding = 4; lastKnownFileType = sourcecode.c.h; path = "NSData+Base64.h"; sourceTree = "<group>"; };
		B0DE659F166894FC00166656 /* NSData+Base64.m */ = {isa = PBXFileReference; fileEncoding = 4; lastKnownFileType = sourcecode.c.objc; path = "NSData+Base64.m"; sourceTree = "<group>"; };
		B0DE65A0166894FC00166656 /* NSDate+RFC1123.h */ = {isa = PBXFileReference; fileEncoding = 4; lastKnownFileType = sourcecode.c.h; path = "NSDate+RFC1123.h"; sourceTree = "<group>"; };
		B0DE65A1166894FC00166656 /* NSDate+RFC1123.m */ = {isa = PBXFileReference; fileEncoding = 4; lastKnownFileType = sourcecode.c.objc; path = "NSDate+RFC1123.m"; sourceTree = "<group>"; };
		B0DE65A2166894FC00166656 /* NSDictionary+RequestEncoding.h */ = {isa = PBXFileReference; fileEncoding = 4; lastKnownFileType = sourcecode.c.h; path = "NSDictionary+RequestEncoding.h"; sourceTree = "<group>"; };
		B0DE65A3166894FC00166656 /* NSDictionary+RequestEncoding.m */ = {isa = PBXFileReference; fileEncoding = 4; lastKnownFileType = sourcecode.c.objc; path = "NSDictionary+RequestEncoding.m"; sourceTree = "<group>"; };
		B0DE65A4166894FC00166656 /* NSString+MKNetworkKitAdditions.h */ = {isa = PBXFileReference; fileEncoding = 4; lastKnownFileType = sourcecode.c.h; path = "NSString+MKNetworkKitAdditions.h"; sourceTree = "<group>"; };
		B0DE65A5166894FC00166656 /* NSString+MKNetworkKitAdditions.m */ = {isa = PBXFileReference; fileEncoding = 4; lastKnownFileType = sourcecode.c.objc; path = "NSString+MKNetworkKitAdditions.m"; sourceTree = "<group>"; };
		B0DE65A6166894FC00166656 /* UIAlertView+MKNetworkKitAdditions.h */ = {isa = PBXFileReference; fileEncoding = 4; lastKnownFileType = sourcecode.c.h; path = "UIAlertView+MKNetworkKitAdditions.h"; sourceTree = "<group>"; };
		B0DE65A7166894FC00166656 /* UIAlertView+MKNetworkKitAdditions.m */ = {isa = PBXFileReference; fileEncoding = 4; lastKnownFileType = sourcecode.c.objc; path = "UIAlertView+MKNetworkKitAdditions.m"; sourceTree = "<group>"; };
		B0DE65A8166894FC00166656 /* MKNetworkEngine.h */ = {isa = PBXFileReference; fileEncoding = 4; lastKnownFileType = sourcecode.c.h; path = MKNetworkEngine.h; sourceTree = "<group>"; };
		B0DE65A9166894FC00166656 /* MKNetworkEngine.m */ = {isa = PBXFileReference; fileEncoding = 4; lastKnownFileType = sourcecode.c.objc; path = MKNetworkEngine.m; sourceTree = "<group>"; };
		B0DE65AA166894FC00166656 /* MKNetworkKit.h */ = {isa = PBXFileReference; fileEncoding = 4; lastKnownFileType = sourcecode.c.h; path = MKNetworkKit.h; sourceTree = "<group>"; };
		B0DE65AB166894FC00166656 /* MKNetworkOperation.h */ = {isa = PBXFileReference; fileEncoding = 4; lastKnownFileType = sourcecode.c.h; path = MKNetworkOperation.h; sourceTree = "<group>"; };
		B0DE65AC166894FC00166656 /* MKNetworkOperation.m */ = {isa = PBXFileReference; fileEncoding = 4; lastKnownFileType = sourcecode.c.objc; path = MKNetworkOperation.m; sourceTree = "<group>"; };
		B0DE65AE166894FC00166656 /* Reachability.h */ = {isa = PBXFileReference; fileEncoding = 4; lastKnownFileType = sourcecode.c.h; path = Reachability.h; sourceTree = "<group>"; };
		B0DE65AF166894FC00166656 /* Reachability.m */ = {isa = PBXFileReference; fileEncoding = 4; lastKnownFileType = sourcecode.c.objc; path = Reachability.m; sourceTree = "<group>"; };
		B0DE65B91668971800166656 /* CFNetwork.framework */ = {isa = PBXFileReference; lastKnownFileType = wrapper.framework; name = CFNetwork.framework; path = System/Library/Frameworks/CFNetwork.framework; sourceTree = SDKROOT; };
		B0DE65BB1668973800166656 /* SystemConfiguration.framework */ = {isa = PBXFileReference; lastKnownFileType = wrapper.framework; name = SystemConfiguration.framework; path = System/Library/Frameworks/SystemConfiguration.framework; sourceTree = SDKROOT; };
		B0DE65BD1668974400166656 /* Security.framework */ = {isa = PBXFileReference; lastKnownFileType = wrapper.framework; name = Security.framework; path = System/Library/Frameworks/Security.framework; sourceTree = SDKROOT; };
		B0DE65BF1668A1D400166656 /* YahooEngine.h */ = {isa = PBXFileReference; fileEncoding = 4; lastKnownFileType = sourcecode.c.h; path = YahooEngine.h; sourceTree = "<group>"; };
		B0DE65C01668A1D400166656 /* YahooEngine.m */ = {isa = PBXFileReference; fileEncoding = 4; lastKnownFileType = sourcecode.c.objc; path = YahooEngine.m; sourceTree = "<group>"; };
/* End PBXFileReference section */

/* Begin PBXFrameworksBuildPhase section */
		B0D81FD31665C7EE007E7AB5 /* Frameworks */ = {
			isa = PBXFrameworksBuildPhase;
			buildActionMask = 2147483647;
			files = (
				B0DE65BE1668974400166656 /* Security.framework in Frameworks */,
				B0DE65BC1668973800166656 /* SystemConfiguration.framework in Frameworks */,
				B0DE65BA1668971800166656 /* CFNetwork.framework in Frameworks */,
				B0D81FDB1665C7EE007E7AB5 /* UIKit.framework in Frameworks */,
				B0D81FDD1665C7EE007E7AB5 /* Foundation.framework in Frameworks */,
				B0D81FDF1665C7EE007E7AB5 /* CoreGraphics.framework in Frameworks */,
			);
			runOnlyForDeploymentPostprocessing = 0;
		};
/* End PBXFrameworksBuildPhase section */

/* Begin PBXGroup section */
		B0D81FCB1665C7EE007E7AB5 = {
			isa = PBXGroup;
			children = (
				B005EE4D166F0494009A81EB /* KeychainItemWrapper.h */,
				B005EE4E166F0494009A81EB /* KeychainItemWrapper.m */,
				B0DE65BF1668A1D400166656 /* YahooEngine.h */,
				B0DE65C01668A1D400166656 /* YahooEngine.m */,
				B0DE657616685C9C00166656 /* login.html */,
				B0D81FE01665C7EE007E7AB5 /* RevealTest */,
				B0D81FD91665C7EE007E7AB5 /* Frameworks */,
				B0D81FD71665C7EE007E7AB5 /* Products */,
			);
			sourceTree = "<group>";
		};
		B0D81FD71665C7EE007E7AB5 /* Products */ = {
			isa = PBXGroup;
			children = (
				B0D81FD61665C7EE007E7AB5 /* RevealTest.app */,
			);
			name = Products;
			sourceTree = "<group>";
		};
		B0D81FD91665C7EE007E7AB5 /* Frameworks */ = {
			isa = PBXGroup;
			children = (
				B0DE65BD1668974400166656 /* Security.framework */,
				B0DE65BB1668973800166656 /* SystemConfiguration.framework */,
				B0DE65B91668971800166656 /* CFNetwork.framework */,
				B0D81FDA1665C7EE007E7AB5 /* UIKit.framework */,
				B0D81FDC1665C7EE007E7AB5 /* Foundation.framework */,
				B0D81FDE1665C7EE007E7AB5 /* CoreGraphics.framework */,
			);
			name = Frameworks;
			sourceTree = "<group>";
		};
		B0D81FE01665C7EE007E7AB5 /* RevealTest */ = {
			isa = PBXGroup;
			children = (
				B0DE659C166894FB00166656 /* MKNetworkKit */,
				B0D81FE91665C7EE007E7AB5 /* AppDelegate.h */,
				B0D81FEA1665C7EE007E7AB5 /* AppDelegate.m */,
				B0D820051665D4F6007E7AB5 /* RevealController.h */,
				B0D820061665D4F6007E7AB5 /* RevealController.m */,
				B0D81FE11665C7EE007E7AB5 /* Supporting Files */,
				B0D81FF11665C8C4007E7AB5 /* RevealViewController.h */,
				B0D81FF21665C8C4007E7AB5 /* RevealViewController.m */,
				B0D81FF31665C8C4007E7AB5 /* RevealViewController.xib */,
				B0D81FF61665D0F4007E7AB5 /* FrontViewController.h */,
				B0D81FF71665D0F4007E7AB5 /* FrontViewController.m */,
				B0CC174A166704D500BC2CDA /* FrontViewController.xib */,
				B005C455166C543C00BCA796 /* UserLogin.h */,
				B005C456166C543C00BCA796 /* UserLogin.m */,
				B0CC17941667307B00BC2CDA /* LoginViewController.h */,
				B0CC17951667307B00BC2CDA /* LoginViewController.m */,
				B0CC17961667307B00BC2CDA /* LoginViewController.xib */,
				B0D81FFB1665D429007E7AB5 /* ZUUIRevealController */,
			);
			path = RevealTest;
			sourceTree = "<group>";
		};
		B0D81FE11665C7EE007E7AB5 /* Supporting Files */ = {
			isa = PBXGroup;
			children = (
				B0D81FE21665C7EE007E7AB5 /* RevealTest-Info.plist */,
				B0D81FE31665C7EE007E7AB5 /* InfoPlist.strings */,
				B0D81FE61665C7EE007E7AB5 /* main.m */,
				B0D81FE81665C7EE007E7AB5 /* RevealTest-Prefix.pch */,
			);
			name = "Supporting Files";
			sourceTree = "<group>";
		};
		B0D81FFB1665D429007E7AB5 /* ZUUIRevealController */ = {
			isa = PBXGroup;
			children = (
				B0D81FFC1665D429007E7AB5 /* ZUUIRevealController.h */,
				B0D81FFD1665D429007E7AB5 /* ZUUIRevealController.m */,
			);
			path = ZUUIRevealController;
			sourceTree = "<group>";
		};
		B0DE659C166894FB00166656 /* MKNetworkKit */ = {
			isa = PBXGroup;
			children = (
				B0DE659D166894FC00166656 /* Categories */,
				B0DE65A8166894FC00166656 /* MKNetworkEngine.h */,
				B0DE65A9166894FC00166656 /* MKNetworkEngine.m */,
				B0DE65AA166894FC00166656 /* MKNetworkKit.h */,
				B0DE65AB166894FC00166656 /* MKNetworkOperation.h */,
				B0DE65AC166894FC00166656 /* MKNetworkOperation.m */,
				B0DE65AD166894FC00166656 /* Reachability */,
			);
			path = MKNetworkKit;
			sourceTree = "<group>";
		};
		B0DE659D166894FC00166656 /* Categories */ = {
			isa = PBXGroup;
			children = (
				B0DE659E166894FC00166656 /* NSData+Base64.h */,
				B0DE659F166894FC00166656 /* NSData+Base64.m */,
				B0DE65A0166894FC00166656 /* NSDate+RFC1123.h */,
				B0DE65A1166894FC00166656 /* NSDate+RFC1123.m */,
				B0DE65A2166894FC00166656 /* NSDictionary+RequestEncoding.h */,
				B0DE65A3166894FC00166656 /* NSDictionary+RequestEncoding.m */,
				B0DE65A4166894FC00166656 /* NSString+MKNetworkKitAdditions.h */,
				B0DE65A5166894FC00166656 /* NSString+MKNetworkKitAdditions.m */,
				B0DE65A6166894FC00166656 /* UIAlertView+MKNetworkKitAdditions.h */,
				B0DE65A7166894FC00166656 /* UIAlertView+MKNetworkKitAdditions.m */,
			);
			path = Categories;
			sourceTree = "<group>";
		};
		B0DE65AD166894FC00166656 /* Reachability */ = {
			isa = PBXGroup;
			children = (
				B0DE65AE166894FC00166656 /* Reachability.h */,
				B0DE65AF166894FC00166656 /* Reachability.m */,
			);
			path = Reachability;
			sourceTree = "<group>";
		};
/* End PBXGroup section */

/* Begin PBXNativeTarget section */
		B0D81FD51665C7EE007E7AB5 /* RevealTest */ = {
			isa = PBXNativeTarget;
			buildConfigurationList = B0D81FEE1665C7EE007E7AB5 /* Build configuration list for PBXNativeTarget "RevealTest" */;
			buildPhases = (
				B0D81FD21665C7EE007E7AB5 /* Sources */,
				B0D81FD31665C7EE007E7AB5 /* Frameworks */,
				B0D81FD41665C7EE007E7AB5 /* Resources */,
			);
			buildRules = (
			);
			dependencies = (
			);
			name = RevealTest;
			productName = RevealTest;
			productReference = B0D81FD61665C7EE007E7AB5 /* RevealTest.app */;
			productType = "com.apple.product-type.application";
		};
/* End PBXNativeTarget section */

/* Begin PBXProject section */
		B0D81FCD1665C7EE007E7AB5 /* Project object */ = {
			isa = PBXProject;
			attributes = {
				LastUpgradeCheck = 0430;
			};
			buildConfigurationList = B0D81FD01665C7EE007E7AB5 /* Build configuration list for PBXProject "RevealTest" */;
			compatibilityVersion = "Xcode 3.2";
			developmentRegion = English;
			hasScannedForEncodings = 0;
			knownRegions = (
				en,
			);
			mainGroup = B0D81FCB1665C7EE007E7AB5;
			productRefGroup = B0D81FD71665C7EE007E7AB5 /* Products */;
			projectDirPath = "";
			projectRoot = "";
			targets = (
				B0D81FD51665C7EE007E7AB5 /* RevealTest */,
			);
		};
/* End PBXProject section */

/* Begin PBXResourcesBuildPhase section */
		B0D81FD41665C7EE007E7AB5 /* Resources */ = {
			isa = PBXResourcesBuildPhase;
			buildActionMask = 2147483647;
			files = (
				B0D81FE51665C7EE007E7AB5 /* InfoPlist.strings in Resources */,
				B0D81FF51665C8C4007E7AB5 /* RevealViewController.xib in Resources */,
				B0CC174B166704D500BC2CDA /* FrontViewController.xib in Resources */,
				B0CC17981667307B00BC2CDA /* LoginViewController.xib in Resources */,
				B0DE657716685C9C00166656 /* login.html in Resources */,
			);
			runOnlyForDeploymentPostprocessing = 0;
		};
/* End PBXResourcesBuildPhase section */

/* Begin PBXSourcesBuildPhase section */
		B0D81FD21665C7EE007E7AB5 /* Sources */ = {
			isa = PBXSourcesBuildPhase;
			buildActionMask = 2147483647;
			files = (
				B0D81FE71665C7EE007E7AB5 /* main.m in Sources */,
				B0D81FEB1665C7EE007E7AB5 /* AppDelegate.m in Sources */,
				B0D81FF41665C8C4007E7AB5 /* RevealViewController.m in Sources */,
				B0D81FF91665D0F4007E7AB5 /* FrontViewController.m in Sources */,
				B0D81FFE1665D429007E7AB5 /* ZUUIRevealController.m in Sources */,
				B0D820071665D4F6007E7AB5 /* RevealController.m in Sources */,
				B0CC17971667307B00BC2CDA /* LoginViewController.m in Sources */,
				B0DE65B0166894FC00166656 /* NSData+Base64.m in Sources */,
				B0DE65B1166894FC00166656 /* NSDate+RFC1123.m in Sources */,
				B0DE65B2166894FC00166656 /* NSDictionary+RequestEncoding.m in Sources */,
				B0DE65B3166894FC00166656 /* NSString+MKNetworkKitAdditions.m in Sources */,
				B0DE65B4166894FC00166656 /* UIAlertView+MKNetworkKitAdditions.m in Sources */,
				B0DE65B5166894FC00166656 /* MKNetworkEngine.m in Sources */,
				B0DE65B6166894FC00166656 /* MKNetworkOperation.m in Sources */,
				B0DE65B7166894FC00166656 /* Reachability.m in Sources */,
				B0DE65C11668A1D400166656 /* YahooEngine.m in Sources */,
				B005C457166C543C00BCA796 /* UserLogin.m in Sources */,
				B005EE4F166F0494009A81EB /* KeychainItemWrapper.m in Sources */,
			);
			runOnlyForDeploymentPostprocessing = 0;
		};
/* End PBXSourcesBuildPhase section */

/* Begin PBXVariantGroup section */
		B0D81FE31665C7EE007E7AB5 /* InfoPlist.strings */ = {
			isa = PBXVariantGroup;
			children = (
				B0D81FE41665C7EE007E7AB5 /* en */,
			);
			name = InfoPlist.strings;
			sourceTree = "<group>";
		};
/* End PBXVariantGroup section */

/* Begin XCBuildConfiguration section */
		B0D81FEC1665C7EE007E7AB5 /* Debug */ = {
			isa = XCBuildConfiguration;
			buildSettings = {
				ALWAYS_SEARCH_USER_PATHS = NO;
				ARCHS = "$(ARCHS_STANDARD_32_BIT)";
				CLANG_ENABLE_OBJC_ARC = YES;
				"CODE_SIGN_IDENTITY[sdk=iphoneos*]" = "iPhone Developer";
				COPY_PHASE_STRIP = NO;
				GCC_C_LANGUAGE_STANDARD = gnu99;
				GCC_DYNAMIC_NO_PIC = NO;
				GCC_OPTIMIZATION_LEVEL = 0;
				GCC_PREPROCESSOR_DEFINITIONS = (
					"DEBUG=1",
					"$(inherited)",
				);
				GCC_SYMBOLS_PRIVATE_EXTERN = NO;
				GCC_VERSION = com.apple.compilers.llvm.clang.1_0;
				GCC_WARN_ABOUT_RETURN_TYPE = YES;
				GCC_WARN_UNINITIALIZED_AUTOS = YES;
				GCC_WARN_UNUSED_VARIABLE = YES;
				IPHONEOS_DEPLOYMENT_TARGET = 5.1;
				SDKROOT = iphoneos;
				TARGETED_DEVICE_FAMILY = "1,2";
			};
			name = Debug;
		};
		B0D81FED1665C7EE007E7AB5 /* Release */ = {
			isa = XCBuildConfiguration;
			buildSettings = {
				ALWAYS_SEARCH_USER_PATHS = NO;
				ARCHS = "$(ARCHS_STANDARD_32_BIT)";
				CLANG_ENABLE_OBJC_ARC = YES;
				"CODE_SIGN_IDENTITY[sdk=iphoneos*]" = "iPhone Developer";
				COPY_PHASE_STRIP = YES;
				GCC_C_LANGUAGE_STANDARD = gnu99;
				GCC_VERSION = com.apple.compilers.llvm.clang.1_0;
				GCC_WARN_ABOUT_RETURN_TYPE = YES;
				GCC_WARN_UNINITIALIZED_AUTOS = YES;
				GCC_WARN_UNUSED_VARIABLE = YES;
				IPHONEOS_DEPLOYMENT_TARGET = 5.1;
				OTHER_CFLAGS = "-DNS_BLOCK_ASSERTIONS=1";
				SDKROOT = iphoneos;
				TARGETED_DEVICE_FAMILY = "1,2";
				VALIDATE_PRODUCT = YES;
			};
			name = Release;
		};
		B0D81FEF1665C7EE007E7AB5 /* Debug */ = {
			isa = XCBuildConfiguration;
			buildSettings = {
				GCC_PRECOMPILE_PREFIX_HEADER = YES;
				GCC_PREFIX_HEADER = "RevealTest/RevealTest-Prefix.pch";
				INFOPLIST_FILE = "RevealTest/RevealTest-Info.plist";
				IPHONEOS_DEPLOYMENT_TARGET = 5.1;
				PRODUCT_NAME = "$(TARGET_NAME)";
				TARGETED_DEVICE_FAMILY = "1,2";
				WRAPPER_EXTENSION = app;
			};
			name = Debug;
		};
		B0D81FF01665C7EE007E7AB5 /* Release */ = {
			isa = XCBuildConfiguration;
			buildSettings = {
				GCC_PRECOMPILE_PREFIX_HEADER = YES;
				GCC_PREFIX_HEADER = "RevealTest/RevealTest-Prefix.pch";
				INFOPLIST_FILE = "RevealTest/RevealTest-Info.plist";
				IPHONEOS_DEPLOYMENT_TARGET = 5.1;
				PRODUCT_NAME = "$(TARGET_NAME)";
				TARGETED_DEVICE_FAMILY = "1,2";
				WRAPPER_EXTENSION = app;
			};
			name = Release;
		};
/* End XCBuildConfiguration section */

/* Begin XCConfigurationList section */
		B0D81FD01665C7EE007E7AB5 /* Build configuration list for PBXProject "RevealTest" */ = {
			isa = XCConfigurationList;
			buildConfigurations = (
				B0D81FEC1665C7EE007E7AB5 /* Debug */,
				B0D81FED1665C7EE007E7AB5 /* Release */,
			);
			defaultConfigurationIsVisible = 0;
			defaultConfigurationName = Release;
		};
		B0D81FEE1665C7EE007E7AB5 /* Build configuration list for PBXNativeTarget "RevealTest" */ = {
			isa = XCConfigurationList;
			buildConfigurations = (
				B0D81FEF1665C7EE007E7AB5 /* Debug */,
				B0D81FF01665C7EE007E7AB5 /* Release */,
			);
			defaultConfigurationIsVisible = 0;
			defaultConfigurationName = Release;
		};
/* End XCConfigurationList section */
	};
	rootObject = B0D81FCD1665C7EE007E7AB5 /* Project object */;
}
